
Microsoft Visual Studio Solution File, Format Version 12.00
# Visual Studio Version 16
VisualStudioVersion = 16.0.30503.244
MinimumVisualStudioVersion = 10.0.40219.1
Project("{FAE04EC0-301F-11D3-BF4B-00C04F79EFBC}") = "ImageProc", "ImageProc.csproj", "{8BD2F6CB-41A5-499D-BC90-8F0E158C219F}"
EndProject
Global
	GlobalSection(SolutionConfigurationPlatforms) = preSolution
		Debug|Any CPU = Debug|Any CPU
		Release|Any CPU = Release|Any CPU
	EndGlobalSection
	GlobalSection(ProjectConfigurationPlatforms) = postSolution
		{8BD2F6CB-41A5-499D-BC90-8F0E158C219F}.Debug|Any CPU.ActiveCfg = Debug|Any CPU
		{8BD2F6CB-41A5-499D-BC90-8F0E158C219F}.Debug|Any CPU.Build.0 = Debug|Any CPU
		{8BD2F6CB-41A5-499D-BC90-8F0E158C219F}.Release|Any CPU.ActiveCfg = Release|Any CPU
		{8BD2F6CB-41A5-499D-BC90-8F0E158C219F}.Release|Any CPU.Build.0 = Release|Any CPU
	EndGlobalSection
	GlobalSection(SolutionProperties) = preSolution
		HideSolutionNode = FALSE
	EndGlobalSection
	GlobalSection(ExtensibilityGlobals) = postSolution
		SolutionGuid = {20A3330B-0CE4-445E-A897-7F793B6D760D}
	EndGlobalSection
EndGlobal
